# THIS IS AN AUTOGENERATED FILE. DO NOT EDIT THIS FILE DIRECTLY.
# yarn lockfile v1


httpxy@^0.1.2:
  version "0.1.2"
  resolved "https://registry.yarnpkg.com/httpxy/-/httpxy-0.1.2.tgz#7ece5be85ba4cfb34c6ad73189e2dd35f93b987e"
  integrity sha512-8IldwriN7eS7Pe1pPRE6L7S1LW551lBJ3N9oI4HLYGZTXl2JBkdINEi+mDZwhwykw1OBVI2li3zhPSi7r1N8lQ==
